// !$*UTF8*$!
{
	archiveVersion = 1;
	classes = {
	};
	objectVersion = 56;
	objects = {

/* Begin PBXBuildFile section */
		5B298A1E2BF61F4E00E0D716 /* MissionView.swift in Sources */ = {isa = PBXBuildFile; fileRef = 5B298A1D2BF61F4E00E0D716 /* MissionView.swift */; };
		5B3EDD252BD520610077F2F7 /* astronauts.json in Resources */ = {isa = PBXBuildFile; fileRef = 5B3EDD232BD520610077F2F7 /* astronauts.json */; };
		5B3EDD262BD520610077F2F7 /* missions.json in Resources */ = {isa = PBXBuildFile; fileRef = 5B3EDD242BD520610077F2F7 /* missions.json */; };
		5B3EDD292BD528220077F2F7 /* Astronaut.swift in Sources */ = {isa = PBXBuildFile; fileRef = 5B3EDD282BD528210077F2F7 /* Astronaut.swift */; };
		5B3EDD2B2BD5293D0077F2F7 /* Bundle-Decodable.swift in Sources */ = {isa = PBXBuildFile; fileRef = 5B3EDD2A2BD5293D0077F2F7 /* Bundle-Decodable.swift */; };
		5B5F810A2BD53A4A00C170A5 /* Mission.swift in Sources */ = {isa = PBXBuildFile; fileRef = 5B5F81092BD53A4A00C170A5 /* Mission.swift */; };
		5BB8E2B52B9D970A0076889A /* MoonShotApp.swift in Sources */ = {isa = PBXBuildFile; fileRef = 5BB8E2B42B9D970A0076889A /* MoonShotApp.swift */; };
		5BB8E2B72B9D970A0076889A /* ContentView.swift in Sources */ = {isa = PBXBuildFile; fileRef = 5BB8E2B62B9D970A0076889A /* ContentView.swift */; };
		5BB8E2B92B9D97120076889A /* Assets.xcassets in Resources */ = {isa = PBXBuildFile; fileRef = 5BB8E2B82B9D97120076889A /* Assets.xcassets */; };
		5BB8E2BD2B9D97120076889A /* Preview Assets.xcassets in Resources */ = {isa = PBXBuildFile; fileRef = 5BB8E2BC2B9D97120076889A /* Preview Assets.xcassets */; };
		5BBDEDCF2BDE6517007219AF /* Color-Theme.swift in Sources */ = {isa = PBXBuildFile; fileRef = 5BBDEDCE2BDE6517007219AF /* Color-Theme.swift */; };
/* End PBXBuildFile section */

/* Begin PBXFileReference section */
		5B298A1D2BF61F4E00E0D716 /* MissionView.swift */ = {isa = PBXFileReference; lastKnownFileType = sourcecode.swift; path = MissionView.swift; sourceTree = "<group>"; };
		5B3EDD232BD520610077F2F7 /* astronauts.json */ = {isa = PBXFileReference; fileEncoding = 4; lastKnownFileType = text.json; path = astronauts.json; sourceTree = "<group>"; };
		5B3EDD242BD520610077F2F7 /* missions.json */ = {isa = PBXFileReference; fileEncoding = 4; lastKnownFileType = text.json; path = missions.json; sourceTree = "<group>"; };
		5B3EDD282BD528210077F2F7 /* Astronaut.swift */ = {isa = PBXFileReference; lastKnownFileType = sourcecode.swift; path = Astronaut.swift; sourceTree = "<group>"; };
		5B3EDD2A2BD5293D0077F2F7 /* Bundle-Decodable.swift */ = {isa = PBXFileReference; lastKnownFileType = sourcecode.swift; path = "Bundle-Decodable.swift"; sourceTree = "<group>"; };
		5B5F81092BD53A4A00C170A5 /* Mission.swift */ = {isa = PBXFileReference; lastKnownFileType = sourcecode.swift; path = Mission.swift; sourceTree = "<group>"; };
		5BB8E2B12B9D970A0076889A /* MoonShot.app */ = {isa = PBXFileReference; explicitFileType = wrapper.application; includeInIndex = 0; path = MoonShot.app; sourceTree = BUILT_PRODUCTS_DIR; };
		5BB8E2B42B9D970A0076889A /* MoonShotApp.swift */ = {isa = PBXFileReference; lastKnownFileType = sourcecode.swift; path = MoonShotApp.swift; sourceTree = "<group>"; };
		5BB8E2B62B9D970A0076889A /* ContentView.swift */ = {isa = PBXFileReference; lastKnownFileType = sourcecode.swift; path = ContentView.swift; sourceTree = "<group>"; };
		5BB8E2B82B9D97120076889A /* Assets.xcassets */ = {isa = PBXFileReference; lastKnownFileType = folder.assetcatalog; path = Assets.xcassets; sourceTree = "<group>"; };
		5BB8E2BA2B9D97120076889A /* MoonShot.entitlements */ = {isa = PBXFileReference; lastKnownFileType = text.plist.entitlements; path = MoonShot.entitlements; sourceTree = "<group>"; };
		5BB8E2BC2B9D97120076889A /* Preview Assets.xcassets */ = {isa = PBXFileReference; lastKnownFileType = folder.assetcatalog; path = "Preview Assets.xcassets"; sourceTree = "<group>"; };
		5BBDEDCE2BDE6517007219AF /* Color-Theme.swift */ = {isa = PBXFileReference; lastKnownFileType = sourcecode.swift; path = "Color-Theme.swift"; sourceTree = "<group>"; };
/* End PBXFileReference section */

/* Begin PBXFrameworksBuildPhase section */
		5BB8E2AE2B9D970A0076889A /* Frameworks */ = {
			isa = PBXFrameworksBuildPhase;
			buildActionMask = 2147483647;
			files = (
			);
			runOnlyForDeploymentPostprocessing = 0;
		};
/* End PBXFrameworksBuildPhase section */

/* Begin PBXGroup section */
		5B3EDD272BD520E40077F2F7 /* data */ = {
			isa = PBXGroup;
			children = (
				5B3EDD232BD520610077F2F7 /* astronauts.json */,
				5B3EDD242BD520610077F2F7 /* missions.json */,
			);
			path = data;
			sourceTree = "<group>";
		};
		5BB8E2A82B9D970A0076889A = {
			isa = PBXGroup;
			children = (
				5BB8E2B32B9D970A0076889A /* MoonShot */,
				5B3EDD272BD520E40077F2F7 /* data */,
				5BB8E2B22B9D970A0076889A /* Products */,
			);
			sourceTree = "<group>";
		};
		5BB8E2B22B9D970A0076889A /* Products */ = {
			isa = PBXGroup;
			children = (
				5BB8E2B12B9D970A0076889A /* MoonShot.app */,
			);
			name = Products;
			sourceTree = "<group>";
		};
		5BB8E2B32B9D970A0076889A /* MoonShot */ = {
			isa = PBXGroup;
			children = (
				5BB8E2B42B9D970A0076889A /* MoonShotApp.swift */,
				5BB8E2B62B9D970A0076889A /* ContentView.swift */,
				5BB8E2B82B9D97120076889A /* Assets.xcassets */,
				5BB8E2BA2B9D97120076889A /* MoonShot.entitlements */,
				5BB8E2BB2B9D97120076889A /* Preview Content */,
				5B3EDD282BD528210077F2F7 /* Astronaut.swift */,
				5B3EDD2A2BD5293D0077F2F7 /* Bundle-Decodable.swift */,
				5B5F81092BD53A4A00C170A5 /* Mission.swift */,
				5BBDEDCE2BDE6517007219AF /* Color-Theme.swift */,
				5B298A1D2BF61F4E00E0D716 /* MissionView.swift */,
			);
			path = MoonShot;
			sourceTree = "<group>";
		};
		5BB8E2BB2B9D97120076889A /* Preview Content */ = {
			isa = PBXGroup;
			children = (
				5BB8E2BC2B9D97120076889A /* Preview Assets.xcassets */,
			);
			path = "Preview Content";
			sourceTree = "<group>";
		};
/* End PBXGroup section */

/* Begin PBXNativeTarget section */
		5BB8E2B02B9D970A0076889A /* MoonShot */ = {
			isa = PBXNativeTarget;
			buildConfigurationList = 5BB8E2C02B9D97120076889A /* Build configuration list for PBXNativeTarget "MoonShot" */;
			buildPhases = (
				5BB8E2AD2B9D970A0076889A /* Sources */,
				5BB8E2AE2B9D970A0076889A /* Frameworks */,
				5BB8E2AF2B9D970A0076889A /* Resources */,
			);
			buildRules = (
			);
			dependencies = (
			);
			name = MoonShot;
			productName = MoonShot;
			productReference = 5BB8E2B12B9D970A0076889A /* MoonShot.app */;
			productType = "com.apple.product-type.application";
		};
/* End PBXNativeTarget section */

/* Begin PBXProject section */
		5BB8E2A92B9D970A0076889A /* Project object */ = {
			isa = PBXProject;
			attributes = {
				BuildIndependentTargetsInParallel = 1;
				LastSwiftUpdateCheck = 1520;
				LastUpgradeCheck = 1520;
				TargetAttributes = {
					5BB8E2B02B9D970A0076889A = {
						CreatedOnToolsVersion = 15.2;
					};
				};
			};
			buildConfigurationList = 5BB8E2AC2B9D970A0076889A /* Build configuration list for PBXProject "MoonShot" */;
			compatibilityVersion = "Xcode 14.0";
			developmentRegion = en;
			hasScannedForEncodings = 0;
			knownRegions = (
				en,
				Base,
			);
			mainGroup = 5BB8E2A82B9D970A0076889A;
			productRefGroup = 5BB8E2B22B9D970A0076889A /* Products */;
			projectDirPath = "";
			projectRoot = "";
			targets = (
				5BB8E2B02B9D970A0076889A /* MoonShot */,
			);
		};
/* End PBXProject section */

/* Begin PBXResourcesBuildPhase section */
		5BB8E2AF2B9D970A0076889A /* Resources */ = {
			isa = PBXResourcesBuildPhase;
			buildActionMask = 2147483647;
			files = (
				5B3EDD252BD520610077F2F7 /* astronauts.json in Resources */,
				5BB8E2BD2B9D97120076889A /* Preview Assets.xcassets in Resources */,
				5B3EDD262BD520610077F2F7 /* missions.json in Resources */,
				5BB8E2B92B9D97120076889A /* Assets.xcassets in Resources */,
			);
			runOnlyForDeploymentPostprocessing = 0;
		};
/* End PBXResourcesBuildPhase section */

/* Begin PBXSourcesBuildPhase section */
		5BB8E2AD2B9D970A0076889A /* Sources */ = {
			isa = PBXSourcesBuildPhase;
			buildActionMask = 2147483647;
			files = (
				5B298A1E2BF61F4E00E0D716 /* MissionView.swift in Sources */,
				5B3EDD292BD528220077F2F7 /* Astronaut.swift in Sources */,
				5BBDEDCF2BDE6517007219AF /* Color-Theme.swift in Sources */,
				5BB8E2B72B9D970A0076889A /* ContentView.swift in Sources */,
				5BB8E2B52B9D970A0076889A /* MoonShotApp.swift in Sources */,
				5B5F810A2BD53A4A00C170A5 /* Mission.swift in Sources */,
				5B3EDD2B2BD5293D0077F2F7 /* Bundle-Decodable.swift in Sources */,
			);
			runOnlyForDeploymentPostprocessing = 0;
		};
/* End PBXSourcesBuildPhase section */

/* Begin XCBuildConfiguration section */
		5BB8E2BE2B9D97120076889A /* Debug */ = {
			isa = XCBuildConfiguration;
			buildSettings = {
				ALWAYS_SEARCH_USER_PATHS = NO;
				ASSETCATALOG_COMPILER_GENERATE_SWIFT_ASSET_SYMBOL_EXTENSIONS = YES;
				CLANG_ANALYZER_NONNULL = YES;
				CLANG_ANALYZER_NUMBER_OBJECT_CONVERSION = YES_AGGRESSIVE;
				CLANG_CXX_LANGUAGE_STANDARD = "gnu++20";
				CLANG_ENABLE_MODULES = YES;
				CLANG_ENABLE_OBJC_ARC = YES;
				CLANG_ENABLE_OBJC_WEAK = YES;
				CLANG_WARN_BLOCK_CAPTURE_AUTORELEASING = YES;
				CLANG_WARN_BOOL_CONVERSION = YES;
				CLANG_WARN_COMMA = YES;
				CLANG_WARN_CONSTANT_CONVERSION = YES;
				CLANG_WARN_DEPRECATED_OBJC_IMPLEMENTATIONS = YES;
				CLANG_WARN_DIRECT_OBJC_ISA_USAGE = YES_ERROR;
				CLANG_WARN_DOCUMENTATION_COMMENTS = YES;
				CLANG_WARN_EMPTY_BODY = YES;
				CLANG_WARN_ENUM_CONVERSION = YES;
				CLANG_WARN_INFINITE_RECURSION = YES;
				CLANG_WARN_INT_CONVERSION = YES;
				CLANG_WARN_NON_LITERAL_NULL_CONVERSION = YES;
				CLANG_WARN_OBJC_IMPLICIT_RETAIN_SELF = YES;
				CLANG_WARN_OBJC_LITERAL_CONVERSION = YES;
				CLANG_WARN_OBJC_ROOT_CLASS = YES_ERROR;
				CLANG_WARN_QUOTED_INCLUDE_IN_FRAMEWORK_HEADER = YES;
				CLANG_WARN_RANGE_LOOP_ANALYSIS = YES;
				CLANG_WARN_STRICT_PROTOTYPES = YES;
				CLANG_WARN_SUSPICIOUS_MOVE = YES;
				CLANG_WARN_UNGUARDED_AVAILABILITY = YES_AGGRESSIVE;
				CLANG_WARN_UNREACHABLE_CODE = YES;
				CLANG_WARN__DUPLICATE_METHOD_MATCH = YES;
				COPY_PHASE_STRIP = NO;
				DEBUG_INFORMATION_FORMAT = dwarf;
				ENABLE_STRICT_OBJC_MSGSEND = YES;
				ENABLE_TESTABILITY = YES;
				ENABLE_USER_SCRIPT_SANDBOXING = YES;
				GCC_C_LANGUAGE_STANDARD = gnu17;
				GCC_DYNAMIC_NO_PIC = NO;
				GCC_NO_COMMON_BLOCKS = YES;
				GCC_OPTIMIZATION_LEVEL = 0;
				GCC_PREPROCESSOR_DEFINITIONS = (
					"DEBUG=1",
					"$(inherited)",
				);
				GCC_WARN_64_TO_32_BIT_CONVERSION = YES;
				GCC_WARN_ABOUT_RETURN_TYPE = YES_ERROR;
				GCC_WARN_UNDECLARED_SELECTOR = YES;
				GCC_WARN_UNINITIALIZED_AUTOS = YES_AGGRESSIVE;
				GCC_WARN_UNUSED_FUNCTION = YES;
				GCC_WARN_UNUSED_VARIABLE = YES;
				LOCALIZATION_PREFERS_STRING_CATALOGS = YES;
				MTL_ENABLE_DEBUG_INFO = INCLUDE_SOURCE;
				MTL_FAST_MATH = YES;
				ONLY_ACTIVE_ARCH = YES;
				SWIFT_ACTIVE_COMPILATION_CONDITIONS = "DEBUG $(inherited)";
				SWIFT_OPTIMIZATION_LEVEL = "-Onone";
			};
			name = Debug;
		};
		5BB8E2BF2B9D97120076889A /* Release */ = {
			isa = XCBuildConfiguration;
			buildSettings = {
				ALWAYS_SEARCH_USER_PATHS = NO;
				ASSETCATALOG_COMPILER_GENERATE_SWIFT_ASSET_SYMBOL_EXTENSIONS = YES;
				CLANG_ANALYZER_NONNULL = YES;
				CLANG_ANALYZER_NUMBER_OBJECT_CONVERSION = YES_AGGRESSIVE;
				CLANG_CXX_LANGUAGE_STANDARD = "gnu++20";
				CLANG_ENABLE_MODULES = YES;
				CLANG_ENABLE_OBJC_ARC = YES;
				CLANG_ENABLE_OBJC_WEAK = YES;
				CLANG_WARN_BLOCK_CAPTURE_AUTORELEASING = YES;
				CLANG_WARN_BOOL_CONVERSION = YES;
				CLANG_WARN_COMMA = YES;
				CLANG_WARN_CONSTANT_CONVERSION = YES;
				CLANG_WARN_DEPRECATED_OBJC_IMPLEMENTATIONS = YES;
				CLANG_WARN_DIRECT_OBJC_ISA_USAGE = YES_ERROR;
				CLANG_WARN_DOCUMENTATION_COMMENTS = YES;
				CLANG_WARN_EMPTY_BODY = YES;
				CLANG_WARN_ENUM_CONVERSION = YES;
				CLANG_WARN_INFINITE_RECURSION = YES;
				CLANG_WARN_INT_CONVERSION = YES;
				CLANG_WARN_NON_LITERAL_NULL_CONVERSION = YES;
				CLANG_WARN_OBJC_IMPLICIT_RETAIN_SELF = YES;
				CLANG_WARN_OBJC_LITERAL_CONVERSION = YES;
				CLANG_WARN_OBJC_ROOT_CLASS = YES_ERROR;
				CLANG_WARN_QUOTED_INCLUDE_IN_FRAMEWORK_HEADER = YES;
				CLANG_WARN_RANGE_LOOP_ANALYSIS = YES;
				CLANG_WARN_STRICT_PROTOTYPES = YES;
				CLANG_WARN_SUSPICIOUS_MOVE = YES;
				CLANG_WARN_UNGUARDED_AVAILABILITY = YES_AGGRESSIVE;
				CLANG_WARN_UNREACHABLE_CODE = YES;
				CLANG_WARN__DUPLICATE_METHOD_MATCH = YES;
				COPY_PHASE_STRIP = NO;
				DEBUG_INFORMATION_FORMAT = "dwarf-with-dsym";
				ENABLE_NS_ASSERTIONS = NO;
				ENABLE_STRICT_OBJC_MSGSEND = YES;
				ENABLE_USER_SCRIPT_SANDBOXING = YES;
				GCC_C_LANGUAGE_STANDARD = gnu17;
				GCC_NO_COMMON_BLOCKS = YES;
				GCC_WARN_64_TO_32_BIT_CONVERSION = YES;
				GCC_WARN_ABOUT_RETURN_TYPE = YES_ERROR;
				GCC_WARN_UNDECLARED_SELECTOR = YES;
				GCC_WARN_UNINITIALIZED_AUTOS = YES_AGGRESSIVE;
				GCC_WARN_UNUSED_FUNCTION = YES;
				GCC_WARN_UNUSED_VARIABLE = YES;
				LOCALIZATION_PREFERS_STRING_CATALOGS = YES;
				MTL_ENABLE_DEBUG_INFO = NO;
				MTL_FAST_MATH = YES;
				SWIFT_COMPILATION_MODE = wholemodule;
			};
			name = Release;
		};
		5BB8E2C12B9D97120076889A /* Debug */ = {
			isa = XCBuildConfiguration;
			buildSettings = {
				ASSETCATALOG_COMPILER_APPICON_NAME = AppIcon;
				ASSETCATALOG_COMPILER_GLOBAL_ACCENT_COLOR_NAME = AccentColor;
				CODE_SIGN_ENTITLEMENTS = MoonShot/MoonShot.entitlements;
				CODE_SIGN_STYLE = Automatic;
				CURRENT_PROJECT_VERSION = 1;
				DEVELOPMENT_ASSET_PATHS = "\"MoonShot/Preview Content\"";
				ENABLE_PREVIEWS = YES;
				GENERATE_INFOPLIST_FILE = YES;
				"INFOPLIST_KEY_UIApplicationSceneManifest_Generation[sdk=iphoneos*]" = YES;
				"INFOPLIST_KEY_UIApplicationSceneManifest_Generation[sdk=iphonesimulator*]" = YES;
				"INFOPLIST_KEY_UIApplicationSupportsIndirectInputEvents[sdk=iphoneos*]" = YES;
				"INFOPLIST_KEY_UIApplicationSupportsIndirectInputEvents[sdk=iphonesimulator*]" = YES;
				"INFOPLIST_KEY_UILaunchScreen_Generation[sdk=iphoneos*]" = YES;
				"INFOPLIST_KEY_UILaunchScreen_Generation[sdk=iphonesimulator*]" = YES;
				"INFOPLIST_KEY_UIStatusBarStyle[sdk=iphoneos*]" = UIStatusBarStyleDefault;
				"INFOPLIST_KEY_UIStatusBarStyle[sdk=iphonesimulator*]" = UIStatusBarStyleDefault;
				INFOPLIST_KEY_UISupportedInterfaceOrientations_iPad = "UIInterfaceOrientationPortrait UIInterfaceOrientationPortraitUpsideDown UIInterfaceOrientationLandscapeLeft UIInterfaceOrientationLandscapeRight";
				INFOPLIST_KEY_UISupportedInterfaceOrientations_iPhone = "UIInterfaceOrientationPortrait UIInterfaceOrientationLandscapeLeft UIInterfaceOrientationLandscapeRight";
				IPHONEOS_DEPLOYMENT_TARGET = 17.2;
				LD_RUNPATH_SEARCH_PATHS = "@executable_path/Frameworks";
				"LD_RUNPATH_SEARCH_PATHS[sdk=macosx*]" = "@executable_path/../Frameworks";
				MACOSX_DEPLOYMENT_TARGET = 13.6;
				MARKETING_VERSION = 1.0;
				PRODUCT_BUNDLE_IDENTIFIER = com.yourCompany.MoonShot;
				PRODUCT_NAME = "$(TARGET_NAME)";
				SDKROOT = auto;
				SUPPORTED_PLATFORMS = "iphoneos iphonesimulator macosx";
				SWIFT_EMIT_LOC_STRINGS = YES;
				SWIFT_VERSION = 5.0;
				TARGETED_DEVICE_FAMILY = "1,2";
			};
			name = Debug;
		};
		5BB8E2C22B9D97120076889A /* Release */ = {
			isa = XCBuildConfiguration;
			buildSettings = {
				ASSETCATALOG_COMPILER_APPICON_NAME = AppIcon;
				ASSETCATALOG_COMPILER_GLOBAL_ACCENT_COLOR_NAME = AccentColor;
				CODE_SIGN_ENTITLEMENTS = MoonShot/MoonShot.entitlements;
				CODE_SIGN_STYLE = Automatic;
				CURRENT_PROJECT_VERSION = 1;
				DEVELOPMENT_ASSET_PATHS = "\"MoonShot/Preview Content\"";
				ENABLE_PREVIEWS = YES;
				GENERATE_INFOPLIST_FILE = YES;
				"INFOPLIST_KEY_UIApplicationSceneManifest_Generation[sdk=iphoneos*]" = YES;
				"INFOPLIST_KEY_UIApplicationSceneManifest_Generation[sdk=iphonesimulator*]" = YES;
				"INFOPLIST_KEY_UIApplicationSupportsIndirectInputEvents[sdk=iphoneos*]" = YES;
				"INFOPLIST_KEY_UIApplicationSupportsIndirectInputEvents[sdk=iphonesimulator*]" = YES;
				"INFOPLIST_KEY_UILaunchScreen_Generation[sdk=iphoneos*]" = YES;
				"INFOPLIST_KEY_UILaunchScreen_Generation[sdk=iphonesimulator*]" = YES;
				"INFOPLIST_KEY_UIStatusBarStyle[sdk=iphoneos*]" = UIStatusBarStyleDefault;
				"INFOPLIST_KEY_UIStatusBarStyle[sdk=iphonesimulator*]" = UIStatusBarStyleDefault;
				INFOPLIST_KEY_UISupportedInterfaceOrientations_iPad = "UIInterfaceOrientationPortrait UIInterfaceOrientationPortraitUpsideDown UIInterfaceOrientationLandscapeLeft UIInterfaceOrientationLandscapeRight";
				INFOPLIST_KEY_UISupportedInterfaceOrientations_iPhone = "UIInterfaceOrientationPortrait UIInterfaceOrientationLandscapeLeft UIInterfaceOrientationLandscapeRight";
				IPHONEOS_DEPLOYMENT_TARGET = 17.2;
				LD_RUNPATH_SEARCH_PATHS = "@executable_path/Frameworks";
				"LD_RUNPATH_SEARCH_PATHS[sdk=macosx*]" = "@executable_path/../Frameworks";
				MACOSX_DEPLOYMENT_TARGET = 13.6;
				MARKETING_VERSION = 1.0;
				PRODUCT_BUNDLE_IDENTIFIER = com.yourCompany.MoonShot;
				PRODUCT_NAME = "$(TARGET_NAME)";
				SDKROOT = auto;
				SUPPORTED_PLATFORMS = "iphoneos iphonesimulator macosx";
				SWIFT_EMIT_LOC_STRINGS = YES;
				SWIFT_VERSION = 5.0;
				TARGETED_DEVICE_FAMILY = "1,2";
			};
			name = Release;
		};
/* End XCBuildConfiguration section */

/* Begin XCConfigurationList section */
		5BB8E2AC2B9D970A0076889A /* Build configuration list for PBXProject "MoonShot" */ = {
			isa = XCConfigurationList;
			buildConfigurations = (
				5BB8E2BE2B9D97120076889A /* Debug */,
				5BB8E2BF2B9D97120076889A /* Release */,
			);
			defaultConfigurationIsVisible = 0;
			defaultConfigurationName = Release;
		};
		5BB8E2C02B9D97120076889A /* Build configuration list for PBXNativeTarget "MoonShot" */ = {
			isa = XCConfigurationList;
			buildConfigurations = (
				5BB8E2C12B9D97120076889A /* Debug */,
				5BB8E2C22B9D97120076889A /* Release */,
			);
			defaultConfigurationIsVisible = 0;
			defaultConfigurationName = Release;
		};
/* End XCConfigurationList section */
	};
	rootObject = 5BB8E2A92B9D970A0076889A /* Project object */;
}
